<?xml version="1.0" encoding="utf-8"?>
<Project ToolsVersion="4.0" xmlns="http://schemas.microsoft.com/developer/msbuild/2003">
  <ItemGroup>
    <Filter Include="Source Files">
      <UniqueIdentifier>{4FC737F1-C7A5-4376-A066-2A32D752A2FF}</UniqueIdentifier>
      <Extensions>qml;cpp;c;cc;cxx;def;odl;idl;hpj;bat;asm;asmx</Extensions>
    </Filter>
    <Filter Include="Header Files">
      <UniqueIdentifier>{93995380-89BD-4b04-88EB-625FBE52EBFB}</UniqueIdentifier>
      <Extensions>h;hh;hpp;hxx;hm;inl;inc;xsd</Extensions>
    </Filter>
    <Filter Include="Resource Files">
      <UniqueIdentifier>{67DA6AB6-F800-4c08-8B7A-83BB121AAD01}</UniqueIdentifier>
      <Extensions>qrc;rc;ico;cur;bmp;dlg;rc2;rct;bin;rgs;gif;jpg;jpeg;jpe;resx;tiff;tif;png;wav;mfcribbon-ms</Extensions>
    </Filter>
    <Filter Include="Form Files">
      <UniqueIdentifier>{99349809-55BA-4b9d-BF79-8FDBB0286EB3}</UniqueIdentifier>
      <Extensions>ui</Extensions>
    </Filter>
    <Filter Include="Translation Files">
      <UniqueIdentifier>{639EADAA-A684-42e4-A9AD-28FC9BCB8F7C}</UniqueIdentifier>
      <Extensions>ts</Extensions>
    </Filter>
    <Filter Include="Header Files\Point">
      <UniqueIdentifier>{aff4a8a9-9f8d-4163-b146-94e28e400cb5}</UniqueIdentifier>
    </Filter>
    <Filter Include="Header Files\Item">
      <UniqueIdentifier>{6433deb7-2417-4f7c-b00b-cb1d2e86b720}</UniqueIdentifier>
    </Filter>
    <Filter Include="Header Files\Paint">
      <UniqueIdentifier>{9b47fee7-9eba-4d77-9502-8c2dbfee281a}</UniqueIdentifier>
    </Filter>
    <Filter Include="Header Files\Paint\Popup">
      <UniqueIdentifier>{b83ff51c-d766-46af-807a-c39f99c7cc2d}</UniqueIdentifier>
    </Filter>
    <Filter Include="Source Files\Item">
      <UniqueIdentifier>{c8b6e45e-252d-4b83-a2e2-e50524bc749a}</UniqueIdentifier>
    </Filter>
    <Filter Include="Source Files\Point">
      <UniqueIdentifier>{0c7b4d1f-db1a-4a97-8fb8-82f2cd356737}</UniqueIdentifier>
    </Filter>
    <Filter Include="Source Files\Paint">
      <UniqueIdentifier>{249b5ce1-f6bc-40b0-a6ca-dde8f2cadd77}</UniqueIdentifier>
    </Filter>
    <Filter Include="Source Files\Paint\Popup">
      <UniqueIdentifier>{a462fa60-479e-4745-81ca-452494b22fb8}</UniqueIdentifier>
    </Filter>
    <Filter Include="Header Files\Item\Singleton">
      <UniqueIdentifier>{e120e3af-6e41-47b4-84e6-c02fefdeccfc}</UniqueIdentifier>
    </Filter>
    <Filter Include="Source Files\Item\Singleton">
      <UniqueIdentifier>{5db2f4a5-cf99-436c-b0f9-bf69c129f8ea}</UniqueIdentifier>
    </Filter>
  </ItemGroup>
  <ItemGroup>
    <QtRcc Include="Qt_SimplePaint.qrc">
      <Filter>Resource Files</Filter>
    </QtRcc>
    <QtUic Include="Qt_SimplePaint.ui">
      <Filter>Form Files</Filter>
    </QtUic>
    <QtRcc Include="SpiralParametersSelector.qrc">
      <Filter>Resource Files</Filter>
    </QtRcc>
    <QtRcc Include="TextParametersSelector.qrc">
      <Filter>Resource Files</Filter>
    </QtRcc>
  </ItemGroup>
  <ItemGroup>
    <ClCompile Include="main.cpp">
      <Filter>Source Files</Filter>
    </ClCompile>
    <ClCompile Include="Circle.cpp">
      <Filter>Source Files\Item</Filter>
    </ClCompile>
    <ClCompile Include="ComplexItem.cpp">
      <Filter>Source Files\Item</Filter>
    </ClCompile>
    <ClCompile Include="Item.cpp">
      <Filter>Source Files\Item</Filter>
    </ClCompile>
    <ClCompile Include="Path.cpp">
      <Filter>Source Files\Item</Filter>
    </ClCompile>
    <ClCompile Include="Primitive.cpp">
      <Filter>Source Files\Item</Filter>
    </ClCompile>
    <ClCompile Include="Rect.cpp">
      <Filter>Source Files\Item</Filter>
    </ClCompile>
    <ClCompile Include="Segment.cpp">
      <Filter>Source Files\Item</Filter>
    </ClCompile>
    <ClCompile Include="Shape.cpp">
      <Filter>Source Files\Item</Filter>
    </ClCompile>
    <ClCompile Include="Spiral.cpp">
      <Filter>Source Files\Item</Filter>
    </ClCompile>
    <ClCompile Include="TextItem.cpp">
      <Filter>Source Files\Item</Filter>
    </ClCompile>
    <ClCompile Include="Triangle.cpp">
      <Filter>Source Files\Item</Filter>
    </ClCompile>
    <ClCompile Include="Point.cpp">
      <Filter>Source Files\Point</Filter>
    </ClCompile>
    <ClCompile Include="Qt_SimplePaint.cpp">
      <Filter>Source Files\Paint</Filter>
    </ClCompile>
    <ClCompile Include="Scene.cpp">
      <Filter>Source Files\Paint</Filter>
    </ClCompile>
    <ClCompile Include="SpiralParametersSelector.cpp">
      <Filter>Source Files\Paint\Popup</Filter>
    </ClCompile>
    <ClCompile Include="TextParametersSelector.cpp">
      <Filter>Source Files\Paint\Popup</Filter>
    </ClCompile>
    <ClCompile Include="SingletonItemContainer.cpp">
      <Filter>Source Files\Item\Singleton</Filter>
    </ClCompile>
  </ItemGroup>
  <ItemGroup>
    <None Include="Adaptic.qss" />
  </ItemGroup>
  <ItemGroup>
    <ClInclude Include="Point.h">
      <Filter>Header Files\Point</Filter>
    </ClInclude>
    <ClInclude Include="Circle.h">
      <Filter>Header Files\Item</Filter>
    </ClInclude>
    <ClInclude Include="ComplexItem.h">
      <Filter>Header Files\Item</Filter>
    </ClInclude>
    <ClInclude Include="Item.h">
      <Filter>Header Files\Item</Filter>
    </ClInclude>
    <ClInclude Include="Path.h">
      <Filter>Header Files\Item</Filter>
    </ClInclude>
    <ClInclude Include="Primitive.h">
      <Filter>Header Files\Item</Filter>
    </ClInclude>
    <ClInclude Include="Rect.h">
      <Filter>Header Files\Item</Filter>
    </ClInclude>
    <ClInclude Include="Segment.h">
      <Filter>Header Files\Item</Filter>
    </ClInclude>
    <ClInclude Include="Shape.h">
      <Filter>Header Files\Item</Filter>
    </ClInclude>
    <ClInclude Include="Spiral.h">
      <Filter>Header Files\Item</Filter>
    </ClInclude>
    <ClInclude Include="TextItem.h">
      <Filter>Header Files\Item</Filter>
    </ClInclude>
    <ClInclude Include="Triangle.h">
      <Filter>Header Files\Item</Filter>
    </ClInclude>
    <ClInclude Include="Singleton.h">
      <Filter>Header Files\Item\Singleton</Filter>
    </ClInclude>
    <ClInclude Include="SingletonItemContainer.h">
      <Filter>Header Files\Item\Singleton</Filter>
    </ClInclude>
  </ItemGroup>
  <ItemGroup>
    <QtMoc Include="Qt_SimplePaint.h">
      <Filter>Header Files\Paint</Filter>
    </QtMoc>
    <QtMoc Include="Scene.h">
      <Filter>Header Files\Paint</Filter>
    </QtMoc>
    <QtMoc Include="SpiralParametersSelector.h">
      <Filter>Header Files\Paint\Popup</Filter>
    </QtMoc>
    <QtMoc Include="TextParametersSelector.h">
      <Filter>Header Files\Paint\Popup</Filter>
    </QtMoc>
  </ItemGroup>
  <ItemGroup>
    <QtUic Include="SpiralParametersSelector.ui">
      <Filter>Form Files</Filter>
    </QtUic>
    <QtUic Include="TextParametersSelector.ui">
      <Filter>Form Files</Filter>
    </QtUic>
  </ItemGroup>
</Project>